Microsoft Visual Studio Solution File, Format Version 12.00
# Visual Studio Version 17
VisualStudioVersion = 17.0.31903.59
MinimumVisualStudioVersion = 10.0.40219.1
Project("{9A19103F-16F7-4668-BE54-9A1E7A4F7556}") = "HookBridge.Api", "src\HookBridge.Api\HookBridge.Api.csproj", "{5EA6936D-06A0-58EA-95DF-42F86C5BF318}"
EndProject
Project("{9A19103F-16F7-4668-BE54-9A1E7A4F7556}") = "HookBridge.Worker", "src\HookBridge.Worker\HookBridge.Worker.csproj", "{DBDE298F-03D1-5707-B5D5-1D5B9CCAA2CC}"
EndProject
Project("{9A19103F-16F7-4668-BE54-9A1E7A4F7556}") = "HookBridge.Domain", "src\HookBridge.Domain\HookBridge.Domain.csproj", "{1CD94491-7AE7-5BB5-9FC0-691675F0AE8F}"
EndProject
Project("{9A19103F-16F7-4668-BE54-9A1E7A4F7556}") = "HookBridge.Application", "src\HookBridge.Application\HookBridge.Application.csproj", "{D025D340-DCC7-5A24-8EDB-FA9A3F4EF3B6}"
EndProject
Project("{9A19103F-16F7-4668-BE54-9A1E7A4F7556}") = "HookBridge.Infrastructure", "src\HookBridge.Infrastructure\HookBridge.Infrastructure.csproj", "{852A434F-97D7-58CA-87F8-1CC499011586}"
EndProject
Project("{9A19103F-16F7-4668-BE54-9A1E7A4F7556}") = "HookBridge.Shared", "src\HookBridge.Shared\HookBridge.Shared.csproj", "{571647E2-E978-59D2-A846-39232205B6A1}"
EndProject
Project("{9A19103F-16F7-4668-BE54-9A1E7A4F7556}") = "HookBridge.Api.Tests", "tests\HookBridge.Api.Tests\HookBridge.Api.Tests.csproj", "{6683458F-879C-5B23-8A03-A24DDB6BCB50}"
EndProject
Project("{9A19103F-16F7-4668-BE54-9A1E7A4F7556}") = "HookBridge.Application.Tests", "tests\HookBridge.Application.Tests\HookBridge.Application.Tests.csproj", "{C8D8FBC1-DBC8-5206-88EB-2BD2F1B4AE80}"
EndProject
Project("{9A19103F-16F7-4668-BE54-9A1E7A4F7556}") = "HookBridge.Worker.Tests", "tests\HookBridge.Worker.Tests\HookBridge.Worker.Tests.csproj", "{44AD29D8-B3C5-5A96-8862-0F794C9A7CEE}"
EndProject
Project("{9A19103F-16F7-4668-BE54-9A1E7A4F7556}") = "HookBridge.AI.Worker", "src\HookBridge.AI.Worker\HookBridge.AI.Worker.csproj", "{23A30E4C-F6F5-4016-A15C-9A8E12210103}"
EndProject
Project("{9A19103F-16F7-4668-BE54-9A1E7A4F7556}") = "HookBridge.AI.Worker.Tests", "tests\HookBridge.AI.Worker.Tests\HookBridge.AI.Worker.Tests.csproj", "{E53BE178-3E5E-450E-BDE8-847D82D9D79A}"
EndProject
Global
	GlobalSection(SolutionConfigurationPlatforms) = preSolution
		Debug|Any CPU = Debug|Any CPU
		Release|Any CPU = Release|Any CPU
	EndGlobalSection
	GlobalSection(ProjectConfigurationPlatforms) = postSolution
		{5EA6936D-06A0-58EA-95DF-42F86C5BF318}.Debug|Any CPU.ActiveCfg = Debug|Any CPU
		{5EA6936D-06A0-58EA-95DF-42F86C5BF318}.Debug|Any CPU.Build.0 = Debug|Any CPU
		{5EA6936D-06A0-58EA-95DF-42F86C5BF318}.Release|Any CPU.ActiveCfg = Release|Any CPU
		{5EA6936D-06A0-58EA-95DF-42F86C5BF318}.Release|Any CPU.Build.0 = Release|Any CPU
		{DBDE298F-03D1-5707-B5D5-1D5B9CCAA2CC}.Debug|Any CPU.ActiveCfg = Debug|Any CPU
		{DBDE298F-03D1-5707-B5D5-1D5B9CCAA2CC}.Debug|Any CPU.Build.0 = Debug|Any CPU
		{DBDE298F-03D1-5707-B5D5-1D5B9CCAA2CC}.Release|Any CPU.ActiveCfg = Release|Any CPU
		{DBDE298F-03D1-5707-B5D5-1D5B9CCAA2CC}.Release|Any CPU.Build.0 = Release|Any CPU
		{1CD94491-7AE7-5BB5-9FC0-691675F0AE8F}.Debug|Any CPU.ActiveCfg = Debug|Any CPU
		{1CD94491-7AE7-5BB5-9FC0-691675F0AE8F}.Debug|Any CPU.Build.0 = Debug|Any CPU
		{1CD94491-7AE7-5BB5-9FC0-691675F0AE8F}.Release|Any CPU.ActiveCfg = Release|Any CPU
		{1CD94491-7AE7-5BB5-9FC0-691675F0AE8F}.Release|Any CPU.Build.0 = Release|Any CPU
		{D025D340-DCC7-5A24-8EDB-FA9A3F4EF3B6}.Debug|Any CPU.ActiveCfg = Debug|Any CPU
		{D025D340-DCC7-5A24-8EDB-FA9A3F4EF3B6}.Debug|Any CPU.Build.0 = Debug|Any CPU
		{D025D340-DCC7-5A24-8EDB-FA9A3F4EF3B6}.Release|Any CPU.ActiveCfg = Release|Any CPU
		{D025D340-DCC7-5A24-8EDB-FA9A3F4EF3B6}.Release|Any CPU.Build.0 = Release|Any CPU
		{852A434F-97D7-58CA-87F8-1CC499011586}.Debug|Any CPU.ActiveCfg = Debug|Any CPU
		{852A434F-97D7-58CA-87F8-1CC499011586}.Debug|Any CPU.Build.0 = Debug|Any CPU
		{852A434F-97D7-58CA-87F8-1CC499011586}.Release|Any CPU.ActiveCfg = Release|Any CPU
		{852A434F-97D7-58CA-87F8-1CC499011586}.Release|Any CPU.Build.0 = Release|Any CPU
		{571647E2-E978-59D2-A846-39232205B6A1}.Debug|Any CPU.ActiveCfg = Debug|Any CPU
		{571647E2-E978-59D2-A846-39232205B6A1}.Debug|Any CPU.Build.0 = Debug|Any CPU
		{571647E2-E978-59D2-A846-39232205B6A1}.Release|Any CPU.ActiveCfg = Release|Any CPU
		{571647E2-E978-59D2-A846-39232205B6A1}.Release|Any CPU.Build.0 = Release|Any CPU
		{6683458F-879C-5B23-8A03-A24DDB6BCB50}.Debug|Any CPU.ActiveCfg = Debug|Any CPU
		{6683458F-879C-5B23-8A03-A24DDB6BCB50}.Debug|Any CPU.Build.0 = Debug|Any CPU
		{6683458F-879C-5B23-8A03-A24DDB6BCB50}.Release|Any CPU.ActiveCfg = Release|Any CPU
		{6683458F-879C-5B23-8A03-A24DDB6BCB50}.Release|Any CPU.Build.0 = Release|Any CPU
		{C8D8FBC1-DBC8-5206-88EB-2BD2F1B4AE80}.Debug|Any CPU.ActiveCfg = Debug|Any CPU
		{C8D8FBC1-DBC8-5206-88EB-2BD2F1B4AE80}.Debug|Any CPU.Build.0 = Debug|Any CPU
		{C8D8FBC1-DBC8-5206-88EB-2BD2F1B4AE80}.Release|Any CPU.ActiveCfg = Release|Any CPU
		{C8D8FBC1-DBC8-5206-88EB-2BD2F1B4AE80}.Release|Any CPU.Build.0 = Release|Any CPU
		{44AD29D8-B3C5-5A96-8862-0F794C9A7CEE}.Debug|Any CPU.ActiveCfg = Debug|Any CPU
		{44AD29D8-B3C5-5A96-8862-0F794C9A7CEE}.Debug|Any CPU.Build.0 = Debug|Any CPU
		{44AD29D8-B3C5-5A96-8862-0F794C9A7CEE}.Release|Any CPU.ActiveCfg = Release|Any CPU
		{44AD29D8-B3C5-5A96-8862-0F794C9A7CEE}.Release|Any CPU.Build.0 = Release|Any CPU
		{23A30E4C-F6F5-4016-A15C-9A8E12210103}.Debug|Any CPU.ActiveCfg = Debug|Any CPU
		{23A30E4C-F6F5-4016-A15C-9A8E12210103}.Debug|Any CPU.Build.0 = Debug|Any CPU
		{23A30E4C-F6F5-4016-A15C-9A8E12210103}.Release|Any CPU.ActiveCfg = Release|Any CPU
		{23A30E4C-F6F5-4016-A15C-9A8E12210103}.Release|Any CPU.Build.0 = Release|Any CPU
		{E53BE178-3E5E-450E-BDE8-847D82D9D79A}.Debug|Any CPU.ActiveCfg = Debug|Any CPU
		{E53BE178-3E5E-450E-BDE8-847D82D9D79A}.Debug|Any CPU.Build.0 = Debug|Any CPU
		{E53BE178-3E5E-450E-BDE8-847D82D9D79A}.Release|Any CPU.ActiveCfg = Release|Any CPU
		{E53BE178-3E5E-450E-BDE8-847D82D9D79A}.Release|Any CPU.Build.0 = Release|Any CPU
	EndGlobalSection
	GlobalSection(SolutionProperties) = preSolution
		HideSolutionNode = FALSE
	EndGlobalSection
EndGlobal
